
Microsoft Visual Studio Solution File, Format Version 12.00
# Visual Studio Version 16
VisualStudioVersion = 16.0.31205.134
MinimumVisualStudioVersion = 10.0.40219.1
Project("{9A19103F-16F7-4668-BE54-9A1E7A4F7556}") = "SimpleLibrary", "SimpleLibrary\SimpleLibrary.csproj", "{8DE7EA39-06FA-4E5B-9FDD-3DE2724E32BA}"
EndProject
Project("{9A19103F-16F7-4668-BE54-9A1E7A4F7556}") = "Demo", "Demo\Demo.csproj", "{50ABFED4-E4B8-4D44-AFB7-2987309F25FB}"
EndProject
Project("{9A19103F-16F7-4668-BE54-9A1E7A4F7556}") = "Simpleproject", "Simpleproject\Simpleproject.csproj", "{A2F7FEBC-43CE-4155-9976-B7FB1A31BE4F}"
EndProject
Project("{9A19103F-16F7-4668-BE54-9A1E7A4F7556}") = "Practice2", "Practice2\Practice2.csproj", "{79C545BC-B236-4F55-BD5A-455319ACC18E}"
EndProject
Global
	GlobalSection(SolutionConfigurationPlatforms) = preSolution
		Debug|Any CPU = Debug|Any CPU
		Release|Any CPU = Release|Any CPU
	EndGlobalSection
	GlobalSection(ProjectConfigurationPlatforms) = postSolution
		{8DE7EA39-06FA-4E5B-9FDD-3DE2724E32BA}.Debug|Any CPU.ActiveCfg = Debug|Any CPU
		{8DE7EA39-06FA-4E5B-9FDD-3DE2724E32BA}.Debug|Any CPU.Build.0 = Debug|Any CPU
		{8DE7EA39-06FA-4E5B-9FDD-3DE2724E32BA}.Release|Any CPU.ActiveCfg = Release|Any CPU
		{8DE7EA39-06FA-4E5B-9FDD-3DE2724E32BA}.Release|Any CPU.Build.0 = Release|Any CPU
		{50ABFED4-E4B8-4D44-AFB7-2987309F25FB}.Debug|Any CPU.ActiveCfg = Debug|Any CPU
		{50ABFED4-E4B8-4D44-AFB7-2987309F25FB}.Debug|Any CPU.Build.0 = Debug|Any CPU
		{50ABFED4-E4B8-4D44-AFB7-2987309F25FB}.Release|Any CPU.ActiveCfg = Release|Any CPU
		{50ABFED4-E4B8-4D44-AFB7-2987309F25FB}.Release|Any CPU.Build.0 = Release|Any CPU
		{A2F7FEBC-43CE-4155-9976-B7FB1A31BE4F}.Debug|Any CPU.ActiveCfg = Debug|Any CPU
		{A2F7FEBC-43CE-4155-9976-B7FB1A31BE4F}.Debug|Any CPU.Build.0 = Debug|Any CPU
		{A2F7FEBC-43CE-4155-9976-B7FB1A31BE4F}.Release|Any CPU.ActiveCfg = Release|Any CPU
		{A2F7FEBC-43CE-4155-9976-B7FB1A31BE4F}.Release|Any CPU.Build.0 = Release|Any CPU
		{79C545BC-B236-4F55-BD5A-455319ACC18E}.Debug|Any CPU.ActiveCfg = Debug|Any CPU
		{79C545BC-B236-4F55-BD5A-455319ACC18E}.Debug|Any CPU.Build.0 = Debug|Any CPU
		{79C545BC-B236-4F55-BD5A-455319ACC18E}.Release|Any CPU.ActiveCfg = Release|Any CPU
		{79C545BC-B236-4F55-BD5A-455319ACC18E}.Release|Any CPU.Build.0 = Release|Any CPU
	EndGlobalSection
	GlobalSection(SolutionProperties) = preSolution
		HideSolutionNode = FALSE
	EndGlobalSection
	GlobalSection(ExtensibilityGlobals) = postSolution
		SolutionGuid = {6EF0A8F8-1659-407B-8615-1FB42A852692}
	EndGlobalSection
EndGlobal
